
Microsoft Visual Studio Solution File, Format Version 12.00
# Visual Studio Version 17
VisualStudioVersion = 17.0.31903.59
MinimumVisualStudioVersion = 10.0.40219.1
Project("{2150E333-8FDC-42A3-9474-1A3956D46DE8}") = "src", "src", "{827E0CD3-B72D-47B6-A68D-7590B98EB39B}"
EndProject
Project("{FAE04EC0-301F-11D3-BF4B-00C04F79EFBC}") = "SqlClientSample", "src\SqlClientSample\SqlClientSample.csproj", "{5E15D94C-9F84-47FA-BB27-21EDC4692F57}"
EndProject
Project("{FAE04EC0-301F-11D3-BF4B-00C04F79EFBC}") = "SerializationSample", "src\SerializationSample\SerializationSample.csproj", "{97556CB5-B6DE-47C9-AA1C-BE8D5F4EED1B}"
EndProject
Project("{FAE04EC0-301F-11D3-BF4B-00C04F79EFBC}") = "AspNetCore22App", "src\AspNetCore22App\AspNetCore22App.csproj", "{F0282056-DFD2-49F1-B157-F6F2901BC1AF}"
EndProject
Project("{FAE04EC0-301F-11D3-BF4B-00C04F79EFBC}") = "AspNetCore22Library", "src\AspNetCore22Library\AspNetCore22Library.csproj", "{DBB5CD45-B95E-4375-8C65-759AE2FF2658}"
EndProject
Project("{FAE04EC0-301F-11D3-BF4B-00C04F79EFBC}") = "FileMoverFunction", "src\FileMoverFunction\FileMoverFunction.csproj", "{656F4163-B1F5-44C0-94F5-79C5F3AB0F69}"
EndProject
Project("{FAE04EC0-301F-11D3-BF4B-00C04F79EFBC}") = "MultiTargetLibrary", "src\MultiTargetLibrary\MultiTargetLibrary.csproj", "{E545B8AB-23B5-4803-85AB-3CF083AB5714}"
EndProject
Project("{FAE04EC0-301F-11D3-BF4B-00C04F79EFBC}") = "AspNetCore7TargetApp", "src\AspNetCore7TargetApp\AspNetCore7TargetApp.csproj", "{625C8051-41D5-F90C-3B7C-39410BB8842C}"
EndProject
Project("{FAE04EC0-301F-11D3-BF4B-00C04F79EFBC}") = "DuplicateUsingStatement", "src\DuplicateUsingStatement\DuplicateUsingStatement.csproj", "{A2923DD7-9766-433A-BA52-44B7C3909FC6}"
EndProject
Project("{FAE04EC0-301F-11D3-BF4B-00C04F79EFBC}") = "JsonRequired", "src\JsonRequired\JsonRequired.csproj", "{DF691F06-ECB1-40F7-BA8A-F566DCB263B5}"
EndProject
Project("{FAE04EC0-301F-11D3-BF4B-00C04F79EFBC}") = "EfCoreSample", "src\EfCoreSample\EfCoreSample.csproj", "{A91C5F72-0E36-49D4-AF6F-11CD50F568B5}"
EndProject
Project("{FAE04EC0-301F-11D3-BF4B-00C04F79EFBC}") = "EfCoreSample.Tests", "src\EfCoreSample.Tests\EfCoreSample.Tests.csproj", "{00406844-BEEC-463B-8E31-A41C5C74E697}"
EndProject
Project("{FAE04EC0-301F-11D3-BF4B-00C04F79EFBC}") = "EfDowngrade", "src\EfDowngrade\EfDowngrade.csproj", "{77B5E3C1-C05D-4A48-993D-70122BB7949A}"
EndProject
Global
	GlobalSection(SolutionConfigurationPlatforms) = preSolution
		Debug|Any CPU = Debug|Any CPU
		Debug|x64 = Debug|x64
		Debug|x86 = Debug|x86
		Release|Any CPU = Release|Any CPU
		Release|x64 = Release|x64
		Release|x86 = Release|x86
	EndGlobalSection
	GlobalSection(ProjectConfigurationPlatforms) = postSolution
		{5E15D94C-9F84-47FA-BB27-21EDC4692F57}.Debug|Any CPU.ActiveCfg = Debug|Any CPU
		{5E15D94C-9F84-47FA-BB27-21EDC4692F57}.Debug|Any CPU.Build.0 = Debug|Any CPU
		{5E15D94C-9F84-47FA-BB27-21EDC4692F57}.Debug|x64.ActiveCfg = Debug|Any CPU
		{5E15D94C-9F84-47FA-BB27-21EDC4692F57}.Debug|x64.Build.0 = Debug|Any CPU
		{5E15D94C-9F84-47FA-BB27-21EDC4692F57}.Debug|x86.ActiveCfg = Debug|Any CPU
		{5E15D94C-9F84-47FA-BB27-21EDC4692F57}.Debug|x86.Build.0 = Debug|Any CPU
		{5E15D94C-9F84-47FA-BB27-21EDC4692F57}.Release|Any CPU.ActiveCfg = Release|Any CPU
		{5E15D94C-9F84-47FA-BB27-21EDC4692F57}.Release|Any CPU.Build.0 = Release|Any CPU
		{5E15D94C-9F84-47FA-BB27-21EDC4692F57}.Release|x64.ActiveCfg = Release|Any CPU
		{5E15D94C-9F84-47FA-BB27-21EDC4692F57}.Release|x64.Build.0 = Release|Any CPU
		{5E15D94C-9F84-47FA-BB27-21EDC4692F57}.Release|x86.ActiveCfg = Release|Any CPU
		{5E15D94C-9F84-47FA-BB27-21EDC4692F57}.Release|x86.Build.0 = Release|Any CPU
		{97556CB5-B6DE-47C9-AA1C-BE8D5F4EED1B}.Debug|Any CPU.ActiveCfg = Debug|Any CPU
		{97556CB5-B6DE-47C9-AA1C-BE8D5F4EED1B}.Debug|Any CPU.Build.0 = Debug|Any CPU
		{97556CB5-B6DE-47C9-AA1C-BE8D5F4EED1B}.Debug|x64.ActiveCfg = Debug|Any CPU
		{97556CB5-B6DE-47C9-AA1C-BE8D5F4EED1B}.Debug|x64.Build.0 = Debug|Any CPU
		{97556CB5-B6DE-47C9-AA1C-BE8D5F4EED1B}.Debug|x86.ActiveCfg = Debug|Any CPU
		{97556CB5-B6DE-47C9-AA1C-BE8D5F4EED1B}.Debug|x86.Build.0 = Debug|Any CPU
		{97556CB5-B6DE-47C9-AA1C-BE8D5F4EED1B}.Release|Any CPU.ActiveCfg = Release|Any CPU
		{97556CB5-B6DE-47C9-AA1C-BE8D5F4EED1B}.Release|Any CPU.Build.0 = Release|Any CPU
		{97556CB5-B6DE-47C9-AA1C-BE8D5F4EED1B}.Release|x64.ActiveCfg = Release|Any CPU
		{97556CB5-B6DE-47C9-AA1C-BE8D5F4EED1B}.Release|x64.Build.0 = Release|Any CPU
		{97556CB5-B6DE-47C9-AA1C-BE8D5F4EED1B}.Release|x86.ActiveCfg = Release|Any CPU
		{97556CB5-B6DE-47C9-AA1C-BE8D5F4EED1B}.Release|x86.Build.0 = Release|Any CPU
		{F0282056-DFD2-49F1-B157-F6F2901BC1AF}.Debug|Any CPU.ActiveCfg = Debug|Any CPU
		{F0282056-DFD2-49F1-B157-F6F2901BC1AF}.Debug|Any CPU.Build.0 = Debug|Any CPU
		{F0282056-DFD2-49F1-B157-F6F2901BC1AF}.Debug|x64.ActiveCfg = Debug|Any CPU
		{F0282056-DFD2-49F1-B157-F6F2901BC1AF}.Debug|x64.Build.0 = Debug|Any CPU
		{F0282056-DFD2-49F1-B157-F6F2901BC1AF}.Debug|x86.ActiveCfg = Debug|Any CPU
		{F0282056-DFD2-49F1-B157-F6F2901BC1AF}.Debug|x86.Build.0 = Debug|Any CPU
		{F0282056-DFD2-49F1-B157-F6F2901BC1AF}.Release|Any CPU.ActiveCfg = Release|Any CPU
		{F0282056-DFD2-49F1-B157-F6F2901BC1AF}.Release|Any CPU.Build.0 = Release|Any CPU
		{F0282056-DFD2-49F1-B157-F6F2901BC1AF}.Release|x64.ActiveCfg = Release|Any CPU
		{F0282056-DFD2-49F1-B157-F6F2901BC1AF}.Release|x64.Build.0 = Release|Any CPU
		{F0282056-DFD2-49F1-B157-F6F2901BC1AF}.Release|x86.ActiveCfg = Release|Any CPU
		{F0282056-DFD2-49F1-B157-F6F2901BC1AF}.Release|x86.Build.0 = Release|Any CPU
		{DBB5CD45-B95E-4375-8C65-759AE2FF2658}.Debug|Any CPU.ActiveCfg = Debug|Any CPU
		{DBB5CD45-B95E-4375-8C65-759AE2FF2658}.Debug|Any CPU.Build.0 = Debug|Any CPU
		{DBB5CD45-B95E-4375-8C65-759AE2FF2658}.Debug|x64.ActiveCfg = Debug|Any CPU
		{DBB5CD45-B95E-4375-8C65-759AE2FF2658}.Debug|x64.Build.0 = Debug|Any CPU
		{DBB5CD45-B95E-4375-8C65-759AE2FF2658}.Debug|x86.ActiveCfg = Debug|Any CPU
		{DBB5CD45-B95E-4375-8C65-759AE2FF2658}.Debug|x86.Build.0 = Debug|Any CPU
		{DBB5CD45-B95E-4375-8C65-759AE2FF2658}.Release|Any CPU.ActiveCfg = Release|Any CPU
		{DBB5CD45-B95E-4375-8C65-759AE2FF2658}.Release|Any CPU.Build.0 = Release|Any CPU
		{DBB5CD45-B95E-4375-8C65-759AE2FF2658}.Release|x64.ActiveCfg = Release|Any CPU
		{DBB5CD45-B95E-4375-8C65-759AE2FF2658}.Release|x64.Build.0 = Release|Any CPU
		{DBB5CD45-B95E-4375-8C65-759AE2FF2658}.Release|x86.ActiveCfg = Release|Any CPU
		{DBB5CD45-B95E-4375-8C65-759AE2FF2658}.Release|x86.Build.0 = Release|Any CPU
		{656F4163-B1F5-44C0-94F5-79C5F3AB0F69}.Debug|Any CPU.ActiveCfg = Debug|Any CPU
		{656F4163-B1F5-44C0-94F5-79C5F3AB0F69}.Debug|Any CPU.Build.0 = Debug|Any CPU
		{656F4163-B1F5-44C0-94F5-79C5F3AB0F69}.Debug|x64.ActiveCfg = Debug|Any CPU
		{656F4163-B1F5-44C0-94F5-79C5F3AB0F69}.Debug|x64.Build.0 = Debug|Any CPU
		{656F4163-B1F5-44C0-94F5-79C5F3AB0F69}.Debug|x86.ActiveCfg = Debug|Any CPU
		{656F4163-B1F5-44C0-94F5-79C5F3AB0F69}.Debug|x86.Build.0 = Debug|Any CPU
		{656F4163-B1F5-44C0-94F5-79C5F3AB0F69}.Release|Any CPU.ActiveCfg = Release|Any CPU
		{656F4163-B1F5-44C0-94F5-79C5F3AB0F69}.Release|Any CPU.Build.0 = Release|Any CPU
		{656F4163-B1F5-44C0-94F5-79C5F3AB0F69}.Release|x64.ActiveCfg = Release|Any CPU
		{656F4163-B1F5-44C0-94F5-79C5F3AB0F69}.Release|x64.Build.0 = Release|Any CPU
		{656F4163-B1F5-44C0-94F5-79C5F3AB0F69}.Release|x86.ActiveCfg = Release|Any CPU
		{656F4163-B1F5-44C0-94F5-79C5F3AB0F69}.Release|x86.Build.0 = Release|Any CPU
		{E545B8AB-23B5-4803-85AB-3CF083AB5714}.Debug|Any CPU.ActiveCfg = Debug|Any CPU
		{E545B8AB-23B5-4803-85AB-3CF083AB5714}.Debug|Any CPU.Build.0 = Debug|Any CPU
		{E545B8AB-23B5-4803-85AB-3CF083AB5714}.Debug|x64.ActiveCfg = Debug|Any CPU
		{E545B8AB-23B5-4803-85AB-3CF083AB5714}.Debug|x64.Build.0 = Debug|Any CPU
		{E545B8AB-23B5-4803-85AB-3CF083AB5714}.Debug|x86.ActiveCfg = Debug|Any CPU
		{E545B8AB-23B5-4803-85AB-3CF083AB5714}.Debug|x86.Build.0 = Debug|Any CPU
		{E545B8AB-23B5-4803-85AB-3CF083AB5714}.Release|Any CPU.ActiveCfg = Release|Any CPU
		{E545B8AB-23B5-4803-85AB-3CF083AB5714}.Release|Any CPU.Build.0 = Release|Any CPU
		{E545B8AB-23B5-4803-85AB-3CF083AB5714}.Release|x64.ActiveCfg = Release|Any CPU
		{E545B8AB-23B5-4803-85AB-3CF083AB5714}.Release|x64.Build.0 = Release|Any CPU
		{E545B8AB-23B5-4803-85AB-3CF083AB5714}.Release|x86.ActiveCfg = Release|Any CPU
		{E545B8AB-23B5-4803-85AB-3CF083AB5714}.Release|x86.Build.0 = Release|Any CPU
		{625C8051-41D5-F90C-3B7C-39410BB8842C}.Debug|Any CPU.ActiveCfg = Debug|Any CPU
		{625C8051-41D5-F90C-3B7C-39410BB8842C}.Debug|Any CPU.Build.0 = Debug|Any CPU
		{625C8051-41D5-F90C-3B7C-39410BB8842C}.Debug|x64.ActiveCfg = Debug|Any CPU
		{625C8051-41D5-F90C-3B7C-39410BB8842C}.Debug|x64.Build.0 = Debug|Any CPU
		{625C8051-41D5-F90C-3B7C-39410BB8842C}.Debug|x86.ActiveCfg = Debug|Any CPU
		{625C8051-41D5-F90C-3B7C-39410BB8842C}.Debug|x86.Build.0 = Debug|Any CPU
		{625C8051-41D5-F90C-3B7C-39410BB8842C}.Release|Any CPU.ActiveCfg = Release|Any CPU
		{625C8051-41D5-F90C-3B7C-39410BB8842C}.Release|Any CPU.Build.0 = Release|Any CPU
		{625C8051-41D5-F90C-3B7C-39410BB8842C}.Release|x64.ActiveCfg = Release|Any CPU
		{625C8051-41D5-F90C-3B7C-39410BB8842C}.Release|x64.Build.0 = Release|Any CPU
		{625C8051-41D5-F90C-3B7C-39410BB8842C}.Release|x86.ActiveCfg = Release|Any CPU
		{625C8051-41D5-F90C-3B7C-39410BB8842C}.Release|x86.Build.0 = Release|Any CPU
		{A2923DD7-9766-433A-BA52-44B7C3909FC6}.Debug|Any CPU.ActiveCfg = Debug|Any CPU
		{A2923DD7-9766-433A-BA52-44B7C3909FC6}.Debug|Any CPU.Build.0 = Debug|Any CPU
		{A2923DD7-9766-433A-BA52-44B7C3909FC6}.Debug|x64.ActiveCfg = Debug|Any CPU
		{A2923DD7-9766-433A-BA52-44B7C3909FC6}.Debug|x64.Build.0 = Debug|Any CPU
		{A2923DD7-9766-433A-BA52-44B7C3909FC6}.Debug|x86.ActiveCfg = Debug|Any CPU
		{A2923DD7-9766-433A-BA52-44B7C3909FC6}.Debug|x86.Build.0 = Debug|Any CPU
		{A2923DD7-9766-433A-BA52-44B7C3909FC6}.Release|Any CPU.ActiveCfg = Release|Any CPU
		{A2923DD7-9766-433A-BA52-44B7C3909FC6}.Release|Any CPU.Build.0 = Release|Any CPU
		{A2923DD7-9766-433A-BA52-44B7C3909FC6}.Release|x64.ActiveCfg = Release|Any CPU
		{A2923DD7-9766-433A-BA52-44B7C3909FC6}.Release|x64.Build.0 = Release|Any CPU
		{A2923DD7-9766-433A-BA52-44B7C3909FC6}.Release|x86.ActiveCfg = Release|Any CPU
		{A2923DD7-9766-433A-BA52-44B7C3909FC6}.Release|x86.Build.0 = Release|Any CPU
		{DF691F06-ECB1-40F7-BA8A-F566DCB263B5}.Debug|Any CPU.ActiveCfg = Debug|Any CPU
		{DF691F06-ECB1-40F7-BA8A-F566DCB263B5}.Debug|Any CPU.Build.0 = Debug|Any CPU
		{DF691F06-ECB1-40F7-BA8A-F566DCB263B5}.Debug|x64.ActiveCfg = Debug|Any CPU
		{DF691F06-ECB1-40F7-BA8A-F566DCB263B5}.Debug|x64.Build.0 = Debug|Any CPU
		{DF691F06-ECB1-40F7-BA8A-F566DCB263B5}.Debug|x86.ActiveCfg = Debug|Any CPU
		{DF691F06-ECB1-40F7-BA8A-F566DCB263B5}.Debug|x86.Build.0 = Debug|Any CPU
		{DF691F06-ECB1-40F7-BA8A-F566DCB263B5}.Release|Any CPU.ActiveCfg = Release|Any CPU
		{DF691F06-ECB1-40F7-BA8A-F566DCB263B5}.Release|Any CPU.Build.0 = Release|Any CPU
		{DF691F06-ECB1-40F7-BA8A-F566DCB263B5}.Release|x64.ActiveCfg = Release|Any CPU
		{DF691F06-ECB1-40F7-BA8A-F566DCB263B5}.Release|x64.Build.0 = Release|Any CPU
		{DF691F06-ECB1-40F7-BA8A-F566DCB263B5}.Release|x86.ActiveCfg = Release|Any CPU
		{DF691F06-ECB1-40F7-BA8A-F566DCB263B5}.Release|x86.Build.0 = Release|Any CPU
		{A91C5F72-0E36-49D4-AF6F-11CD50F568B5}.Debug|Any CPU.ActiveCfg = Debug|Any CPU
		{A91C5F72-0E36-49D4-AF6F-11CD50F568B5}.Debug|Any CPU.Build.0 = Debug|Any CPU
		{A91C5F72-0E36-49D4-AF6F-11CD50F568B5}.Debug|x64.ActiveCfg = Debug|Any CPU
		{A91C5F72-0E36-49D4-AF6F-11CD50F568B5}.Debug|x64.Build.0 = Debug|Any CPU
		{A91C5F72-0E36-49D4-AF6F-11CD50F568B5}.Debug|x86.ActiveCfg = Debug|Any CPU
		{A91C5F72-0E36-49D4-AF6F-11CD50F568B5}.Debug|x86.Build.0 = Debug|Any CPU
		{A91C5F72-0E36-49D4-AF6F-11CD50F568B5}.Release|Any CPU.ActiveCfg = Release|Any CPU
		{A91C5F72-0E36-49D4-AF6F-11CD50F568B5}.Release|Any CPU.Build.0 = Release|Any CPU
		{A91C5F72-0E36-49D4-AF6F-11CD50F568B5}.Release|x64.ActiveCfg = Release|Any CPU
		{A91C5F72-0E36-49D4-AF6F-11CD50F568B5}.Release|x64.Build.0 = Release|Any CPU
		{A91C5F72-0E36-49D4-AF6F-11CD50F568B5}.Release|x86.ActiveCfg = Release|Any CPU
		{A91C5F72-0E36-49D4-AF6F-11CD50F568B5}.Release|x86.Build.0 = Release|Any CPU
		{00406844-BEEC-463B-8E31-A41C5C74E697}.Debug|Any CPU.ActiveCfg = Debug|Any CPU
		{00406844-BEEC-463B-8E31-A41C5C74E697}.Debug|Any CPU.Build.0 = Debug|Any CPU
		{00406844-BEEC-463B-8E31-A41C5C74E697}.Debug|x64.ActiveCfg = Debug|Any CPU
		{00406844-BEEC-463B-8E31-A41C5C74E697}.Debug|x64.Build.0 = Debug|Any CPU
		{00406844-BEEC-463B-8E31-A41C5C74E697}.Debug|x86.ActiveCfg = Debug|Any CPU
		{00406844-BEEC-463B-8E31-A41C5C74E697}.Debug|x86.Build.0 = Debug|Any CPU
		{00406844-BEEC-463B-8E31-A41C5C74E697}.Release|Any CPU.ActiveCfg = Release|Any CPU
		{00406844-BEEC-463B-8E31-A41C5C74E697}.Release|Any CPU.Build.0 = Release|Any CPU
		{00406844-BEEC-463B-8E31-A41C5C74E697}.Release|x64.ActiveCfg = Release|Any CPU
		{00406844-BEEC-463B-8E31-A41C5C74E697}.Release|x64.Build.0 = Release|Any CPU
		{00406844-BEEC-463B-8E31-A41C5C74E697}.Release|x86.ActiveCfg = Release|Any CPU
		{00406844-BEEC-463B-8E31-A41C5C74E697}.Release|x86.Build.0 = Release|Any CPU
        {77B5E3C1-C05D-4A48-993D-70122BB7949A}.Debug|Any CPU.ActiveCfg = Debug|Any CPU
        {77B5E3C1-C05D-4A48-993D-70122BB7949A}.Debug|Any CPU.Build.0 = Debug|Any CPU
        {77B5E3C1-C05D-4A48-993D-70122BB7949A}.Debug|x64.ActiveCfg = Debug|Any CPU
        {77B5E3C1-C05D-4A48-993D-70122BB7949A}.Debug|x64.Build.0 = Debug|Any CPU
        {77B5E3C1-C05D-4A48-993D-70122BB7949A}.Debug|x86.ActiveCfg = Debug|Any CPU
        {77B5E3C1-C05D-4A48-993D-70122BB7949A}.Debug|x86.Build.0 = Debug|Any CPU
        {77B5E3C1-C05D-4A48-993D-70122BB7949A}.Release|Any CPU.ActiveCfg = Release|Any CPU
        {77B5E3C1-C05D-4A48-993D-70122BB7949A}.Release|Any CPU.Build.0 = Release|Any CPU
        {77B5E3C1-C05D-4A48-993D-70122BB7949A}.Release|x64.ActiveCfg = Release|Any CPU
        {77B5E3C1-C05D-4A48-993D-70122BB7949A}.Release|x64.Build.0 = Release|Any CPU
        {77B5E3C1-C05D-4A48-993D-70122BB7949A}.Release|x86.ActiveCfg = Release|Any CPU
        {77B5E3C1-C05D-4A48-993D-70122BB7949A}.Release|x86.Build.0 = Release|Any CPU		
	EndGlobalSection
	GlobalSection(SolutionProperties) = preSolution
		HideSolutionNode = FALSE
	EndGlobalSection
	GlobalSection(NestedProjects) = preSolution
		{5E15D94C-9F84-47FA-BB27-21EDC4692F57} = {827E0CD3-B72D-47B6-A68D-7590B98EB39B}
		{97556CB5-B6DE-47C9-AA1C-BE8D5F4EED1B} = {827E0CD3-B72D-47B6-A68D-7590B98EB39B}
		{F0282056-DFD2-49F1-B157-F6F2901BC1AF} = {827E0CD3-B72D-47B6-A68D-7590B98EB39B}
		{DBB5CD45-B95E-4375-8C65-759AE2FF2658} = {827E0CD3-B72D-47B6-A68D-7590B98EB39B}
		{656F4163-B1F5-44C0-94F5-79C5F3AB0F69} = {827E0CD3-B72D-47B6-A68D-7590B98EB39B}
		{E545B8AB-23B5-4803-85AB-3CF083AB5714} = {827E0CD3-B72D-47B6-A68D-7590B98EB39B}
		{625C8051-41D5-F90C-3B7C-39410BB8842C} = {827E0CD3-B72D-47B6-A68D-7590B98EB39B}
		{A2923DD7-9766-433A-BA52-44B7C3909FC6} = {827E0CD3-B72D-47B6-A68D-7590B98EB39B}
		{DF691F06-ECB1-40F7-BA8A-F566DCB263B5} = {827E0CD3-B72D-47B6-A68D-7590B98EB39B}
		{A91C5F72-0E36-49D4-AF6F-11CD50F568B5} = {827E0CD3-B72D-47B6-A68D-7590B98EB39B}
		{00406844-BEEC-463B-8E31-A41C5C74E697} = {827E0CD3-B72D-47B6-A68D-7590B98EB39B}
	EndGlobalSection
	GlobalSection(ExtensibilityGlobals) = postSolution
		SolutionGuid = {EAA104A3-5456-405A-9E53-8C6711370751}
	EndGlobalSection
EndGlobal
